schema: '2.0'
stages:
  data_ingestion:
    cmd: python src/cnnClassifier/pipeline/stage_01_data_ingestion.py
    deps:
    - path: config/config.yaml
      hash: md5
      md5: 5d04bd2e0cfe5c7a8daa867f91cf5ef5
      size: 604
    - path: src/cnnClassifier/pipeline/stage_01_data_ingestion.py
      hash: md5
      md5: f84f888c9bec008a53be87f95e421bf6
      size: 1024
    outs:
    - path: artifacts/data_ingestion/Chest-CT-Scan-data
      hash: md5
      md5: 904fa45d934ce879b3b1933dca6cb2f1.dir
      size: 49247431
      nfiles: 343
  prepare_base_model:
    cmd: python src/cnnClassifier/pipeline/stage_02_prepare_base_model.py
    deps:
    - path: config/config.yaml
      hash: md5
      md5: 5d04bd2e0cfe5c7a8daa867f91cf5ef5
      size: 604
    - path: src/cnnClassifier/pipeline/stage_02_prepare_base_model.py
      hash: md5
      md5: c2f7b73c1e0eb50f71f465ee887f6d3e
      size: 1126
    params:
      params.yaml:
        CLASSES: 2
        IMAGE_SIZE:
        - 244
        - 244
        - 3
        INCLUDE_TOP: false
        LEARNING_RATE: 0.01
        WEIGHTS: imagenet
    outs:
    - path: artifacts/prepare_base_model
      hash: md5
      md5: 56ad3f2af004dd36698cc71363db1aa6.dir
      size: 118054560
      nfiles: 2
  training:
    cmd: python src/cnnClassifier/pipeline/stage_03_model_trainer.py
    deps:
    - path: artifacts/data_ingestion/Chest-CT-Scan-data
      hash: md5
      md5: 904fa45d934ce879b3b1933dca6cb2f1.dir
      size: 49247431
      nfiles: 343
    - path: artifacts/prepare_base_model
      hash: md5
      md5: 56ad3f2af004dd36698cc71363db1aa6.dir
      size: 118054560
      nfiles: 2
    - path: config/config.yaml
      hash: md5
      md5: 5d04bd2e0cfe5c7a8daa867f91cf5ef5
      size: 604
    - path: src/cnnClassifier/pipeline/stage_03_model_trainer.py
      hash: md5
      md5: 4f75ce3c8ded1b2475daaa9835ab014d
      size: 1219
    params:
      params.yaml:
        AUGMENTATION: true
        BATCH_SIZE: 16
        EPOCHS: 3
        IMAGE_SIZE:
        - 244
        - 244
        - 3
    outs:
    - path: artifacts/training/model.h5
      hash: md5
      md5: ccda383c305c82450ea6cb0fd0e72c3a
      size: 59337520
  evaluation:
    cmd: python src/cnnClassifier/pipeline/stage_04_model_evaluation.py
    deps:
    - path: artifacts/data_ingestion/Chest-CT-Scan-data
      hash: md5
      md5: 904fa45d934ce879b3b1933dca6cb2f1.dir
      size: 49247431
      nfiles: 343
    - path: artifacts/training/model.h5
      hash: md5
      md5: ccda383c305c82450ea6cb0fd0e72c3a
      size: 59337520
    - path: config/config.yaml
      hash: md5
      md5: 5d04bd2e0cfe5c7a8daa867f91cf5ef5
      size: 604
    - path: src/cnnClassifier/pipeline/stage_04_model_evaluation.py
      hash: md5
      md5: 93108098912375946376f6d9ff63e91f
      size: 1044
    params:
      params.yaml:
        BATCH_SIZE: 16
        IMAGE_SIZE:
        - 244
        - 244
        - 3
    outs:
    - path: scores.json
      hash: md5
      md5: acc23d8a2075de5123464ddd6561d3b1
      size: 72
